
Microsoft Visual Studio Solution File, Format Version 12.00
# Visual Studio 14
VisualStudioVersion = 14.0.25420.1
MinimumVisualStudioVersion = 10.0.40219.1
Project("{FAE04EC0-301F-11D3-BF4B-00C04F79EFBC}") = "ColourLibrary", "ColourLibrary\ColourLibrary.csproj", "{C6B0653C-8B1D-417E-ACDD-6BABEE404E0C}"
EndProject
Project("{FAE04EC0-301F-11D3-BF4B-00C04F79EFBC}") = "ColourTest", "ColourTest\ColourTest.csproj", "{46658312-09EB-4F7E-856F-C84811FF48E6}"
EndProject
Project("{FAE04EC0-301F-11D3-BF4B-00C04F79EFBC}") = "SurfaceDial", "..\SurfaceDial\SurfaceDial\SurfaceDial.csproj", "{FA70CD20-60E4-4F9E-8B78-6AB76879F36D}"
EndProject
Global
	GlobalSection(SolutionConfigurationPlatforms) = preSolution
		Debug|Any CPU = Debug|Any CPU
		Debug|ARM = Debug|ARM
		Debug|x64 = Debug|x64
		Debug|x86 = Debug|x86
		Release|Any CPU = Release|Any CPU
		Release|ARM = Release|ARM
		Release|x64 = Release|x64
		Release|x86 = Release|x86
	EndGlobalSection
	GlobalSection(ProjectConfigurationPlatforms) = postSolution
		{C6B0653C-8B1D-417E-ACDD-6BABEE404E0C}.Debug|Any CPU.ActiveCfg = Debug|Any CPU
		{C6B0653C-8B1D-417E-ACDD-6BABEE404E0C}.Debug|Any CPU.Build.0 = Debug|Any CPU
		{C6B0653C-8B1D-417E-ACDD-6BABEE404E0C}.Debug|ARM.ActiveCfg = Debug|ARM
		{C6B0653C-8B1D-417E-ACDD-6BABEE404E0C}.Debug|ARM.Build.0 = Debug|ARM
		{C6B0653C-8B1D-417E-ACDD-6BABEE404E0C}.Debug|x64.ActiveCfg = Debug|x64
		{C6B0653C-8B1D-417E-ACDD-6BABEE404E0C}.Debug|x64.Build.0 = Debug|x64
		{C6B0653C-8B1D-417E-ACDD-6BABEE404E0C}.Debug|x86.ActiveCfg = Debug|x86
		{C6B0653C-8B1D-417E-ACDD-6BABEE404E0C}.Debug|x86.Build.0 = Debug|x86
		{C6B0653C-8B1D-417E-ACDD-6BABEE404E0C}.Release|Any CPU.ActiveCfg = Release|Any CPU
		{C6B0653C-8B1D-417E-ACDD-6BABEE404E0C}.Release|Any CPU.Build.0 = Release|Any CPU
		{C6B0653C-8B1D-417E-ACDD-6BABEE404E0C}.Release|ARM.ActiveCfg = Release|ARM
		{C6B0653C-8B1D-417E-ACDD-6BABEE404E0C}.Release|ARM.Build.0 = Release|ARM
		{C6B0653C-8B1D-417E-ACDD-6BABEE404E0C}.Release|x64.ActiveCfg = Release|x64
		{C6B0653C-8B1D-417E-ACDD-6BABEE404E0C}.Release|x64.Build.0 = Release|x64
		{C6B0653C-8B1D-417E-ACDD-6BABEE404E0C}.Release|x86.ActiveCfg = Release|x86
		{C6B0653C-8B1D-417E-ACDD-6BABEE404E0C}.Release|x86.Build.0 = Release|x86
		{46658312-09EB-4F7E-856F-C84811FF48E6}.Debug|Any CPU.ActiveCfg = Debug|x86
		{46658312-09EB-4F7E-856F-C84811FF48E6}.Debug|Any CPU.Build.0 = Debug|x86
		{46658312-09EB-4F7E-856F-C84811FF48E6}.Debug|Any CPU.Deploy.0 = Debug|x86
		{46658312-09EB-4F7E-856F-C84811FF48E6}.Debug|ARM.ActiveCfg = Debug|ARM
		{46658312-09EB-4F7E-856F-C84811FF48E6}.Debug|ARM.Build.0 = Debug|ARM
		{46658312-09EB-4F7E-856F-C84811FF48E6}.Debug|ARM.Deploy.0 = Debug|ARM
		{46658312-09EB-4F7E-856F-C84811FF48E6}.Debug|x64.ActiveCfg = Debug|x64
		{46658312-09EB-4F7E-856F-C84811FF48E6}.Debug|x64.Build.0 = Debug|x64
		{46658312-09EB-4F7E-856F-C84811FF48E6}.Debug|x64.Deploy.0 = Debug|x64
		{46658312-09EB-4F7E-856F-C84811FF48E6}.Debug|x86.ActiveCfg = Debug|x86
		{46658312-09EB-4F7E-856F-C84811FF48E6}.Debug|x86.Build.0 = Debug|x86
		{46658312-09EB-4F7E-856F-C84811FF48E6}.Debug|x86.Deploy.0 = Debug|x86
		{46658312-09EB-4F7E-856F-C84811FF48E6}.Release|Any CPU.ActiveCfg = Release|x86
		{46658312-09EB-4F7E-856F-C84811FF48E6}.Release|ARM.ActiveCfg = Release|ARM
		{46658312-09EB-4F7E-856F-C84811FF48E6}.Release|ARM.Build.0 = Release|ARM
		{46658312-09EB-4F7E-856F-C84811FF48E6}.Release|ARM.Deploy.0 = Release|ARM
		{46658312-09EB-4F7E-856F-C84811FF48E6}.Release|x64.ActiveCfg = Release|x64
		{46658312-09EB-4F7E-856F-C84811FF48E6}.Release|x64.Build.0 = Release|x64
		{46658312-09EB-4F7E-856F-C84811FF48E6}.Release|x64.Deploy.0 = Release|x64
		{46658312-09EB-4F7E-856F-C84811FF48E6}.Release|x86.ActiveCfg = Release|x86
		{46658312-09EB-4F7E-856F-C84811FF48E6}.Release|x86.Build.0 = Release|x86
		{46658312-09EB-4F7E-856F-C84811FF48E6}.Release|x86.Deploy.0 = Release|x86
		{FA70CD20-60E4-4F9E-8B78-6AB76879F36D}.Debug|Any CPU.ActiveCfg = Debug|x86
		{FA70CD20-60E4-4F9E-8B78-6AB76879F36D}.Debug|Any CPU.Build.0 = Debug|x86
		{FA70CD20-60E4-4F9E-8B78-6AB76879F36D}.Debug|Any CPU.Deploy.0 = Debug|x86
		{FA70CD20-60E4-4F9E-8B78-6AB76879F36D}.Debug|ARM.ActiveCfg = Debug|ARM
		{FA70CD20-60E4-4F9E-8B78-6AB76879F36D}.Debug|ARM.Build.0 = Debug|ARM
		{FA70CD20-60E4-4F9E-8B78-6AB76879F36D}.Debug|ARM.Deploy.0 = Debug|ARM
		{FA70CD20-60E4-4F9E-8B78-6AB76879F36D}.Debug|x64.ActiveCfg = Debug|x64
		{FA70CD20-60E4-4F9E-8B78-6AB76879F36D}.Debug|x64.Build.0 = Debug|x64
		{FA70CD20-60E4-4F9E-8B78-6AB76879F36D}.Debug|x64.Deploy.0 = Debug|x64
		{FA70CD20-60E4-4F9E-8B78-6AB76879F36D}.Debug|x86.ActiveCfg = Debug|x86
		{FA70CD20-60E4-4F9E-8B78-6AB76879F36D}.Debug|x86.Build.0 = Debug|x86
		{FA70CD20-60E4-4F9E-8B78-6AB76879F36D}.Debug|x86.Deploy.0 = Debug|x86
		{FA70CD20-60E4-4F9E-8B78-6AB76879F36D}.Release|Any CPU.ActiveCfg = Release|x86
		{FA70CD20-60E4-4F9E-8B78-6AB76879F36D}.Release|ARM.ActiveCfg = Release|ARM
		{FA70CD20-60E4-4F9E-8B78-6AB76879F36D}.Release|ARM.Build.0 = Release|ARM
		{FA70CD20-60E4-4F9E-8B78-6AB76879F36D}.Release|ARM.Deploy.0 = Release|ARM
		{FA70CD20-60E4-4F9E-8B78-6AB76879F36D}.Release|x64.ActiveCfg = Release|x64
		{FA70CD20-60E4-4F9E-8B78-6AB76879F36D}.Release|x64.Build.0 = Release|x64
		{FA70CD20-60E4-4F9E-8B78-6AB76879F36D}.Release|x64.Deploy.0 = Release|x64
		{FA70CD20-60E4-4F9E-8B78-6AB76879F36D}.Release|x86.ActiveCfg = Release|x86
		{FA70CD20-60E4-4F9E-8B78-6AB76879F36D}.Release|x86.Build.0 = Release|x86
		{FA70CD20-60E4-4F9E-8B78-6AB76879F36D}.Release|x86.Deploy.0 = Release|x86
	EndGlobalSection
	GlobalSection(SolutionProperties) = preSolution
		HideSolutionNode = FALSE
	EndGlobalSection
EndGlobal
